// !$*UTF8*$!
{
	archiveVersion = 1;
	classes = {
	};
	objectVersion = 77;
	objects = {

/* Begin PBXBuildFile section */
		1DCE55DBA4A9DC466D817D22 /* ProjectConfig.swift in Sources */ = {isa = PBXBuildFile; fileRef = BD77FB052C8B5A937B14A4AE /* ProjectConfig.swift */; };
		32A11F8AF508AA2A7D3EF788 /* ThemeEnvironment.swift in Sources */ = {isa = PBXBuildFile; fileRef = 7BF6F2D792F7DFAE3DA8E597 /* ThemeEnvironment.swift */; };
		43EC5CF874B360B9092691A5 /* OKLCHTests.swift in Sources */ = {isa = PBXBuildFile; fileRef = 0E9F9769B8C6EC2F87092F1B /* OKLCHTests.swift */; };
		497D21A67A062CE6282008CD /* PathsTests.swift in Sources */ = {isa = PBXBuildFile; fileRef = 295319DB8544C170DDD6328D /* PathsTests.swift */; };
		59AFC96BD543D2520DBE7BB0 /* ThemeStoreTests.swift in Sources */ = {isa = PBXBuildFile; fileRef = 1003EEEA51DA385A0DD57CA0 /* ThemeStoreTests.swift */; };
		5EB258E8B4A4DCD50DFE5E82 /* AppConfig.swift in Sources */ = {isa = PBXBuildFile; fileRef = 4FE58EF9CF8EC461667D9430 /* AppConfig.swift */; };
		671F28D6A18DD75EB912596B /* PersistenceStore.swift in Sources */ = {isa = PBXBuildFile; fileRef = 1A17A797374500E1FDD2382C /* PersistenceStore.swift */; };
		6C800C9827E75F9F07C67DB9 /* AppConfigTests.swift in Sources */ = {isa = PBXBuildFile; fileRef = B78A7E7888D552AFC80BA3AA /* AppConfigTests.swift */; };
		74E1B2C42F77908AA597EF45 /* OKLCH.swift in Sources */ = {isa = PBXBuildFile; fileRef = 73A34259DE8E978943E8BE16 /* OKLCH.swift */; };
		78D25A04EAE26A0F3021A057 /* Paths.swift in Sources */ = {isa = PBXBuildFile; fileRef = 364213292935A05F3B52F51F /* Paths.swift */; };
		8FE765355607C57A9D3D6CEE /* AppState.swift in Sources */ = {isa = PBXBuildFile; fileRef = 17C2AC0F8B3A1B75239995AC /* AppState.swift */; };
		A240E6FE68F27C04D32A270A /* AlasApp.swift in Sources */ = {isa = PBXBuildFile; fileRef = 7E39F15B0B7395FB81D2C9D0 /* AlasApp.swift */; };
		A58568C1EFF4A274FBDC83A4 /* Theme.swift in Sources */ = {isa = PBXBuildFile; fileRef = E6CA3930F30444A51FB2393D /* Theme.swift */; };
		AA3024661C46385700D8B3A6 /* TitlelessWindow.swift in Sources */ = {isa = PBXBuildFile; fileRef = 3428750EA8626EEBF3FE928B /* TitlelessWindow.swift */; };
		B6C31E7AC3CE21AFEA371389 /* cool-slate.json in Resources */ = {isa = PBXBuildFile; fileRef = 8DEB85132B767DB3B253620C /* cool-slate.json */; };
		BF9C16C33DF0BBAF2946AFC3 /* ThemeTests.swift in Sources */ = {isa = PBXBuildFile; fileRef = 88379ACE40F42BE4A3257659 /* ThemeTests.swift */; };
		C893CA3167A5CC6637FCD8C8 /* light.json in Resources */ = {isa = PBXBuildFile; fileRef = 1688AB1B49758FAB5BF0AF2F /* light.json */; };
		CCA4B9F1FFBE1CAC99839A07 /* WindowConfigurator.swift in Sources */ = {isa = PBXBuildFile; fileRef = 010B026A6251DEC1BD1961C0 /* WindowConfigurator.swift */; };
		CFDD9978240DAFEC7B0CD230 /* warm-amber.json in Resources */ = {isa = PBXBuildFile; fileRef = 821B8D5125CB96997889D3B4 /* warm-amber.json */; };
		D7D45D387EEF0436834DF7AD /* ThemeStore.swift in Sources */ = {isa = PBXBuildFile; fileRef = 05EE713DD3CACF29F206553C /* ThemeStore.swift */; };
		EE4E9C47863C4306F0D88A2F /* PersistenceStoreTests.swift in Sources */ = {isa = PBXBuildFile; fileRef = 7EAE4B623CC10B4544E8D17A /* PersistenceStoreTests.swift */; };
		F40727225EA3797436F5722B /* neutral.json in Resources */ = {isa = PBXBuildFile; fileRef = C1BE92AB2BD3552CC87670C4 /* neutral.json */; };
/* End PBXBuildFile section */

/* Begin PBXContainerItemProxy section */
		5F682506C464A32C7F23838F /* PBXContainerItemProxy */ = {
			isa = PBXContainerItemProxy;
			containerPortal = 759006A3C44F0DA5ACF36C55 /* Project object */;
			proxyType = 1;
			remoteGlobalIDString = E4C94E93C35EAAB0719C6D98;
			remoteInfo = Alas;
		};
/* End PBXContainerItemProxy section */

/* Begin PBXFileReference section */
		010B026A6251DEC1BD1961C0 /* WindowConfigurator.swift */ = {isa = PBXFileReference; lastKnownFileType = sourcecode.swift; path = WindowConfigurator.swift; sourceTree = "<group>"; };
		05EE713DD3CACF29F206553C /* ThemeStore.swift */ = {isa = PBXFileReference; lastKnownFileType = sourcecode.swift; path = ThemeStore.swift; sourceTree = "<group>"; };
		0E9F9769B8C6EC2F87092F1B /* OKLCHTests.swift */ = {isa = PBXFileReference; lastKnownFileType = sourcecode.swift; path = OKLCHTests.swift; sourceTree = "<group>"; };
		1003EEEA51DA385A0DD57CA0 /* ThemeStoreTests.swift */ = {isa = PBXFileReference; lastKnownFileType = sourcecode.swift; path = ThemeStoreTests.swift; sourceTree = "<group>"; };
		1688AB1B49758FAB5BF0AF2F /* light.json */ = {isa = PBXFileReference; lastKnownFileType = text.json; path = light.json; sourceTree = "<group>"; };
		17C2AC0F8B3A1B75239995AC /* AppState.swift */ = {isa = PBXFileReference; lastKnownFileType = sourcecode.swift; path = AppState.swift; sourceTree = "<group>"; };
		1A17A797374500E1FDD2382C /* PersistenceStore.swift */ = {isa = PBXFileReference; lastKnownFileType = sourcecode.swift; path = PersistenceStore.swift; sourceTree = "<group>"; };
		295319DB8544C170DDD6328D /* PathsTests.swift */ = {isa = PBXFileReference; lastKnownFileType = sourcecode.swift; path = PathsTests.swift; sourceTree = "<group>"; };
		3428750EA8626EEBF3FE928B /* TitlelessWindow.swift */ = {isa = PBXFileReference; lastKnownFileType = sourcecode.swift; path = TitlelessWindow.swift; sourceTree = "<group>"; };
		364213292935A05F3B52F51F /* Paths.swift */ = {isa = PBXFileReference; lastKnownFileType = sourcecode.swift; path = Paths.swift; sourceTree = "<group>"; };
		413CE0B0BBC96D412D048B1D /* .gitkeep */ = {isa = PBXFileReference; path = .gitkeep; sourceTree = "<group>"; };
		4FE58EF9CF8EC461667D9430 /* AppConfig.swift */ = {isa = PBXFileReference; lastKnownFileType = sourcecode.swift; path = AppConfig.swift; sourceTree = "<group>"; };
		519CFB3707E8DDBDECD6C5D1 /* Alas.app */ = {isa = PBXFileReference; explicitFileType = wrapper.application; includeInIndex = 0; path = Alas.app; sourceTree = BUILT_PRODUCTS_DIR; };
		73A34259DE8E978943E8BE16 /* OKLCH.swift */ = {isa = PBXFileReference; lastKnownFileType = sourcecode.swift; path = OKLCH.swift; sourceTree = "<group>"; };
		7BF6F2D792F7DFAE3DA8E597 /* ThemeEnvironment.swift */ = {isa = PBXFileReference; lastKnownFileType = sourcecode.swift; path = ThemeEnvironment.swift; sourceTree = "<group>"; };
		7E39F15B0B7395FB81D2C9D0 /* AlasApp.swift */ = {isa = PBXFileReference; lastKnownFileType = sourcecode.swift; path = AlasApp.swift; sourceTree = "<group>"; };
		7EAE4B623CC10B4544E8D17A /* PersistenceStoreTests.swift */ = {isa = PBXFileReference; lastKnownFileType = sourcecode.swift; path = PersistenceStoreTests.swift; sourceTree = "<group>"; };
		821B8D5125CB96997889D3B4 /* warm-amber.json */ = {isa = PBXFileReference; lastKnownFileType = text.json; path = "warm-amber.json"; sourceTree = "<group>"; };
		88379ACE40F42BE4A3257659 /* ThemeTests.swift */ = {isa = PBXFileReference; lastKnownFileType = sourcecode.swift; path = ThemeTests.swift; sourceTree = "<group>"; };
		8DEB85132B767DB3B253620C /* cool-slate.json */ = {isa = PBXFileReference; lastKnownFileType = text.json; path = "cool-slate.json"; sourceTree = "<group>"; };
		A6926DACD1903E1AAAF66F48 /* .gitkeep */ = {isa = PBXFileReference; path = .gitkeep; sourceTree = "<group>"; };
		B65018D176CD2E52A3999CF0 /* AlasTests.xctest */ = {isa = PBXFileReference; explicitFileType = wrapper.cfbundle; includeInIndex = 0; path = AlasTests.xctest; sourceTree = BUILT_PRODUCTS_DIR; };
		B78A7E7888D552AFC80BA3AA /* AppConfigTests.swift */ = {isa = PBXFileReference; lastKnownFileType = sourcecode.swift; path = AppConfigTests.swift; sourceTree = "<group>"; };
		BD77FB052C8B5A937B14A4AE /* ProjectConfig.swift */ = {isa = PBXFileReference; lastKnownFileType = sourcecode.swift; path = ProjectConfig.swift; sourceTree = "<group>"; };
		C1BE92AB2BD3552CC87670C4 /* neutral.json */ = {isa = PBXFileReference; lastKnownFileType = text.json; path = neutral.json; sourceTree = "<group>"; };
		CA554728676F9D3B5E2C05FA /* .gitkeep */ = {isa = PBXFileReference; path = .gitkeep; sourceTree = "<group>"; };
		D5BAC2BE2CEAFDD462D9116F /* .gitkeep */ = {isa = PBXFileReference; path = .gitkeep; sourceTree = "<group>"; };
		E63FA8816D43E1A08AE8164B /* .gitkeep */ = {isa = PBXFileReference; path = .gitkeep; sourceTree = "<group>"; };
		E6CA3930F30444A51FB2393D /* Theme.swift */ = {isa = PBXFileReference; lastKnownFileType = sourcecode.swift; path = Theme.swift; sourceTree = "<group>"; };
		EBBBF87CC508451B2C0F3A66 /* .gitkeep */ = {isa = PBXFileReference; path = .gitkeep; sourceTree = "<group>"; };
		FE32DF98AE56D11E01F00CEF /* .gitkeep */ = {isa = PBXFileReference; path = .gitkeep; sourceTree = "<group>"; };
/* End PBXFileReference section */

/* Begin PBXGroup section */
		1A6B0ED8FD355C82542D35C4 /* AlasTests */ = {
			isa = PBXGroup;
			children = (
				B78A7E7888D552AFC80BA3AA /* AppConfigTests.swift */,
				0E9F9769B8C6EC2F87092F1B /* OKLCHTests.swift */,
				295319DB8544C170DDD6328D /* PathsTests.swift */,
				7EAE4B623CC10B4544E8D17A /* PersistenceStoreTests.swift */,
				1003EEEA51DA385A0DD57CA0 /* ThemeStoreTests.swift */,
				88379ACE40F42BE4A3257659 /* ThemeTests.swift */,
			);
			path = AlasTests;
			sourceTree = "<group>";
		};
		1B7FB431695F35CED973CDD2 /* Dialogs */ = {
			isa = PBXGroup;
			children = (
				413CE0B0BBC96D412D048B1D /* .gitkeep */,
			);
			path = Dialogs;
			sourceTree = "<group>";
		};
		1FFE2F486B5DB90050685166 /* Alas */ = {
			isa = PBXGroup;
			children = (
				E64B0D7392DAB820993B29F5 /* Resources */,
				3DBEFD99DD9256C01CA72F64 /* Sources */,
			);
			path = Alas;
			sourceTree = "<group>";
		};
		2DC32361E466DA20E974D106 /* Git */ = {
			isa = PBXGroup;
			children = (
				EBBBF87CC508451B2C0F3A66 /* .gitkeep */,
			);
			path = Git;
			sourceTree = "<group>";
		};
		35407CBFC8CDF3C3395FE123 /* UI */ = {
			isa = PBXGroup;
			children = (
				CA554728676F9D3B5E2C05FA /* .gitkeep */,
			);
			path = UI;
			sourceTree = "<group>";
		};
		3DBEFD99DD9256C01CA72F64 /* Sources */ = {
			isa = PBXGroup;
			children = (
				FAE46B7EB9FF647CE1B2E166 /* App */,
				1B7FB431695F35CED973CDD2 /* Dialogs */,
				2DC32361E466DA20E974D106 /* Git */,
				B4091CAB7D0E176C8D1E112C /* Harness */,
				F96AD5C7794128224DD2020B /* Icons */,
				8637544952A5E268387998D1 /* Persistence */,
				59E804284C70FCAD77A09774 /* Settings */,
				F556D34B5B6FE20EA80F892A /* Terminal */,
				7592B5DE2FBCFC47DB6F481D /* Theme */,
				35407CBFC8CDF3C3395FE123 /* UI */,
			);
			path = Sources;
			sourceTree = "<group>";
		};
		4A546C28E4A7690D621C99E0 /* Themes */ = {
			isa = PBXGroup;
			children = (
				8DEB85132B767DB3B253620C /* cool-slate.json */,
				1688AB1B49758FAB5BF0AF2F /* light.json */,
				C1BE92AB2BD3552CC87670C4 /* neutral.json */,
				821B8D5125CB96997889D3B4 /* warm-amber.json */,
			);
			path = Themes;
			sourceTree = "<group>";
		};
		59E804284C70FCAD77A09774 /* Settings */ = {
			isa = PBXGroup;
			children = (
				E63FA8816D43E1A08AE8164B /* .gitkeep */,
			);
			path = Settings;
			sourceTree = "<group>";
		};
		7592B5DE2FBCFC47DB6F481D /* Theme */ = {
			isa = PBXGroup;
			children = (
				73A34259DE8E978943E8BE16 /* OKLCH.swift */,
				E6CA3930F30444A51FB2393D /* Theme.swift */,
				7BF6F2D792F7DFAE3DA8E597 /* ThemeEnvironment.swift */,
				05EE713DD3CACF29F206553C /* ThemeStore.swift */,
			);
			path = Theme;
			sourceTree = "<group>";
		};
		848F1B301BB31A69DEB82615 = {
			isa = PBXGroup;
			children = (
				1FFE2F486B5DB90050685166 /* Alas */,
				1A6B0ED8FD355C82542D35C4 /* AlasTests */,
				C86FE0D59F990939C552C7E2 /* Products */,
			);
			sourceTree = "<group>";
		};
		8637544952A5E268387998D1 /* Persistence */ = {
			isa = PBXGroup;
			children = (
				4FE58EF9CF8EC461667D9430 /* AppConfig.swift */,
				364213292935A05F3B52F51F /* Paths.swift */,
				1A17A797374500E1FDD2382C /* PersistenceStore.swift */,
				BD77FB052C8B5A937B14A4AE /* ProjectConfig.swift */,
			);
			path = Persistence;
			sourceTree = "<group>";
		};
		B4091CAB7D0E176C8D1E112C /* Harness */ = {
			isa = PBXGroup;
			children = (
				A6926DACD1903E1AAAF66F48 /* .gitkeep */,
			);
			path = Harness;
			sourceTree = "<group>";
		};
		C86FE0D59F990939C552C7E2 /* Products */ = {
			isa = PBXGroup;
			children = (
				519CFB3707E8DDBDECD6C5D1 /* Alas.app */,
				B65018D176CD2E52A3999CF0 /* AlasTests.xctest */,
			);
			name = Products;
			sourceTree = "<group>";
		};
		E64B0D7392DAB820993B29F5 /* Resources */ = {
			isa = PBXGroup;
			children = (
				4A546C28E4A7690D621C99E0 /* Themes */,
			);
			path = Resources;
			sourceTree = "<group>";
		};
		F211897D927000B71316F28A /* WindowChrome */ = {
			isa = PBXGroup;
			children = (
				3428750EA8626EEBF3FE928B /* TitlelessWindow.swift */,
				010B026A6251DEC1BD1961C0 /* WindowConfigurator.swift */,
			);
			path = WindowChrome;
			sourceTree = "<group>";
		};
		F556D34B5B6FE20EA80F892A /* Terminal */ = {
			isa = PBXGroup;
			children = (
				FE32DF98AE56D11E01F00CEF /* .gitkeep */,
			);
			path = Terminal;
			sourceTree = "<group>";
		};
		F96AD5C7794128224DD2020B /* Icons */ = {
			isa = PBXGroup;
			children = (
				D5BAC2BE2CEAFDD462D9116F /* .gitkeep */,
			);
			path = Icons;
			sourceTree = "<group>";
		};
		FAE46B7EB9FF647CE1B2E166 /* App */ = {
			isa = PBXGroup;
			children = (
				7E39F15B0B7395FB81D2C9D0 /* AlasApp.swift */,
				17C2AC0F8B3A1B75239995AC /* AppState.swift */,
				F211897D927000B71316F28A /* WindowChrome */,
			);
			path = App;
			sourceTree = "<group>";
		};
/* End PBXGroup section */

/* Begin PBXNativeTarget section */
		B7139BF80AE27BA75A8D4740 /* AlasTests */ = {
			isa = PBXNativeTarget;
			buildConfigurationList = 4ECEFB1265B7751E394C85A4 /* Build configuration list for PBXNativeTarget "AlasTests" */;
			buildPhases = (
				9331F99F9123E03583C8B892 /* Sources */,
			);
			buildRules = (
			);
			dependencies = (
				5EEBBAEE60D2DB007AD92314 /* PBXTargetDependency */,
			);
			name = AlasTests;
			packageProductDependencies = (
			);
			productName = AlasTests;
			productReference = B65018D176CD2E52A3999CF0 /* AlasTests.xctest */;
			productType = "com.apple.product-type.bundle.unit-test";
		};
		E4C94E93C35EAAB0719C6D98 /* Alas */ = {
			isa = PBXNativeTarget;
			buildConfigurationList = D92629B7CBC438AA40C308D4 /* Build configuration list for PBXNativeTarget "Alas" */;
			buildPhases = (
				16AE5D200CA779AE0410E1B1 /* Sources */,
				BD47E15DBE895A60942DDB48 /* Resources */,
			);
			buildRules = (
			);
			dependencies = (
			);
			name = Alas;
			packageProductDependencies = (
			);
			productName = Alas;
			productReference = 519CFB3707E8DDBDECD6C5D1 /* Alas.app */;
			productType = "com.apple.product-type.application";
		};
/* End PBXNativeTarget section */

/* Begin PBXProject section */
		759006A3C44F0DA5ACF36C55 /* Project object */ = {
			isa = PBXProject;
			attributes = {
				BuildIndependentTargetsInParallel = YES;
				LastUpgradeCheck = 1430;
				TargetAttributes = {
					E4C94E93C35EAAB0719C6D98 = {
						ProvisioningStyle = Automatic;
					};
				};
			};
			buildConfigurationList = 61C628260FC1F517504A8D81 /* Build configuration list for PBXProject "Alas" */;
			developmentRegion = en;
			hasScannedForEncodings = 0;
			knownRegions = (
				Base,
				en,
			);
			mainGroup = 848F1B301BB31A69DEB82615;
			minimizedProjectReferenceProxies = 1;
			preferredProjectObjectVersion = 77;
			productRefGroup = C86FE0D59F990939C552C7E2 /* Products */;
			projectDirPath = "";
			projectRoot = "";
			targets = (
				E4C94E93C35EAAB0719C6D98 /* Alas */,
				B7139BF80AE27BA75A8D4740 /* AlasTests */,
			);
		};
/* End PBXProject section */

/* Begin PBXResourcesBuildPhase section */
		BD47E15DBE895A60942DDB48 /* Resources */ = {
			isa = PBXResourcesBuildPhase;
			buildActionMask = 2147483647;
			files = (
				B6C31E7AC3CE21AFEA371389 /* cool-slate.json in Resources */,
				C893CA3167A5CC6637FCD8C8 /* light.json in Resources */,
				F40727225EA3797436F5722B /* neutral.json in Resources */,
				CFDD9978240DAFEC7B0CD230 /* warm-amber.json in Resources */,
			);
			runOnlyForDeploymentPostprocessing = 0;
		};
/* End PBXResourcesBuildPhase section */

/* Begin PBXSourcesBuildPhase section */
		16AE5D200CA779AE0410E1B1 /* Sources */ = {
			isa = PBXSourcesBuildPhase;
			buildActionMask = 2147483647;
			files = (
				A240E6FE68F27C04D32A270A /* AlasApp.swift in Sources */,
				5EB258E8B4A4DCD50DFE5E82 /* AppConfig.swift in Sources */,
				8FE765355607C57A9D3D6CEE /* AppState.swift in Sources */,
				74E1B2C42F77908AA597EF45 /* OKLCH.swift in Sources */,
				78D25A04EAE26A0F3021A057 /* Paths.swift in Sources */,
				671F28D6A18DD75EB912596B /* PersistenceStore.swift in Sources */,
				1DCE55DBA4A9DC466D817D22 /* ProjectConfig.swift in Sources */,
				A58568C1EFF4A274FBDC83A4 /* Theme.swift in Sources */,
				32A11F8AF508AA2A7D3EF788 /* ThemeEnvironment.swift in Sources */,
				D7D45D387EEF0436834DF7AD /* ThemeStore.swift in Sources */,
				AA3024661C46385700D8B3A6 /* TitlelessWindow.swift in Sources */,
				CCA4B9F1FFBE1CAC99839A07 /* WindowConfigurator.swift in Sources */,
			);
			runOnlyForDeploymentPostprocessing = 0;
		};
		9331F99F9123E03583C8B892 /* Sources */ = {
			isa = PBXSourcesBuildPhase;
			buildActionMask = 2147483647;
			files = (
				6C800C9827E75F9F07C67DB9 /* AppConfigTests.swift in Sources */,
				43EC5CF874B360B9092691A5 /* OKLCHTests.swift in Sources */,
				497D21A67A062CE6282008CD /* PathsTests.swift in Sources */,
				EE4E9C47863C4306F0D88A2F /* PersistenceStoreTests.swift in Sources */,
				59AFC96BD543D2520DBE7BB0 /* ThemeStoreTests.swift in Sources */,
				BF9C16C33DF0BBAF2946AFC3 /* ThemeTests.swift in Sources */,
			);
			runOnlyForDeploymentPostprocessing = 0;
		};
/* End PBXSourcesBuildPhase section */

/* Begin PBXTargetDependency section */
		5EEBBAEE60D2DB007AD92314 /* PBXTargetDependency */ = {
			isa = PBXTargetDependency;
			target = E4C94E93C35EAAB0719C6D98 /* Alas */;
			targetProxy = 5F682506C464A32C7F23838F /* PBXContainerItemProxy */;
		};
/* End PBXTargetDependency section */

/* Begin XCBuildConfiguration section */
		13FE6C2972F47B24834875E1 /* Release */ = {
			isa = XCBuildConfiguration;
			buildSettings = {
				ALWAYS_SEARCH_USER_PATHS = NO;
				CLANG_ANALYZER_NONNULL = YES;
				CLANG_ANALYZER_NUMBER_OBJECT_CONVERSION = YES_AGGRESSIVE;
				CLANG_CXX_LANGUAGE_STANDARD = "gnu++14";
				CLANG_CXX_LIBRARY = "libc++";
				CLANG_ENABLE_MODULES = YES;
				CLANG_ENABLE_OBJC_ARC = YES;
				CLANG_ENABLE_OBJC_WEAK = YES;
				CLANG_WARN_BLOCK_CAPTURE_AUTORELEASING = YES;
				CLANG_WARN_BOOL_CONVERSION = YES;
				CLANG_WARN_COMMA = YES;
				CLANG_WARN_CONSTANT_CONVERSION = YES;
				CLANG_WARN_DEPRECATED_OBJC_IMPLEMENTATIONS = YES;
				CLANG_WARN_DIRECT_OBJC_ISA_USAGE = YES_ERROR;
				CLANG_WARN_DOCUMENTATION_COMMENTS = YES;
				CLANG_WARN_EMPTY_BODY = YES;
				CLANG_WARN_ENUM_CONVERSION = YES;
				CLANG_WARN_INFINITE_RECURSION = YES;
				CLANG_WARN_INT_CONVERSION = YES;
				CLANG_WARN_NON_LITERAL_NULL_CONVERSION = YES;
				CLANG_WARN_OBJC_IMPLICIT_RETAIN_SELF = YES;
				CLANG_WARN_OBJC_LITERAL_CONVERSION = YES;
				CLANG_WARN_OBJC_ROOT_CLASS = YES_ERROR;
				CLANG_WARN_QUOTED_INCLUDE_IN_FRAMEWORK_HEADER = YES;
				CLANG_WARN_RANGE_LOOP_ANALYSIS = YES;
				CLANG_WARN_STRICT_PROTOTYPES = YES;
				CLANG_WARN_SUSPICIOUS_MOVE = YES;
				CLANG_WARN_UNGUARDED_AVAILABILITY = YES_AGGRESSIVE;
				CLANG_WARN_UNREACHABLE_CODE = YES;
				CLANG_WARN__DUPLICATE_METHOD_MATCH = YES;
				COPY_PHASE_STRIP = NO;
				DEBUG_INFORMATION_FORMAT = "dwarf-with-dsym";
				ENABLE_NS_ASSERTIONS = NO;
				ENABLE_STRICT_OBJC_MSGSEND = YES;
				ENABLE_USER_SCRIPT_SANDBOXING = NO;
				GCC_C_LANGUAGE_STANDARD = gnu11;
				GCC_NO_COMMON_BLOCKS = YES;
				GCC_WARN_64_TO_32_BIT_CONVERSION = YES;
				GCC_WARN_ABOUT_RETURN_TYPE = YES_ERROR;
				GCC_WARN_UNDECLARED_SELECTOR = YES;
				GCC_WARN_UNINITIALIZED_AUTOS = YES_AGGRESSIVE;
				GCC_WARN_UNUSED_FUNCTION = YES;
				GCC_WARN_UNUSED_VARIABLE = YES;
				GENERATE_INFOPLIST_FILE = NO;
				MACOSX_DEPLOYMENT_TARGET = 14.0;
				MTL_ENABLE_DEBUG_INFO = NO;
				MTL_FAST_MATH = YES;
				PRODUCT_NAME = "$(TARGET_NAME)";
				SDKROOT = macosx;
				SWIFT_COMPILATION_MODE = wholemodule;
				SWIFT_OPTIMIZATION_LEVEL = "-O";
				SWIFT_STRICT_CONCURRENCY = complete;
				SWIFT_VERSION = 5.9;
			};
			name = Release;
		};
		47B94FFA5E783CD9D305EDED /* Debug */ = {
			isa = XCBuildConfiguration;
			buildSettings = {
				ALWAYS_SEARCH_USER_PATHS = NO;
				CLANG_ANALYZER_NONNULL = YES;
				CLANG_ANALYZER_NUMBER_OBJECT_CONVERSION = YES_AGGRESSIVE;
				CLANG_CXX_LANGUAGE_STANDARD = "gnu++14";
				CLANG_CXX_LIBRARY = "libc++";
				CLANG_ENABLE_MODULES = YES;
				CLANG_ENABLE_OBJC_ARC = YES;
				CLANG_ENABLE_OBJC_WEAK = YES;
				CLANG_WARN_BLOCK_CAPTURE_AUTORELEASING = YES;
				CLANG_WARN_BOOL_CONVERSION = YES;
				CLANG_WARN_COMMA = YES;
				CLANG_WARN_CONSTANT_CONVERSION = YES;
				CLANG_WARN_DEPRECATED_OBJC_IMPLEMENTATIONS = YES;
				CLANG_WARN_DIRECT_OBJC_ISA_USAGE = YES_ERROR;
				CLANG_WARN_DOCUMENTATION_COMMENTS = YES;
				CLANG_WARN_EMPTY_BODY = YES;
				CLANG_WARN_ENUM_CONVERSION = YES;
				CLANG_WARN_INFINITE_RECURSION = YES;
				CLANG_WARN_INT_CONVERSION = YES;
				CLANG_WARN_NON_LITERAL_NULL_CONVERSION = YES;
				CLANG_WARN_OBJC_IMPLICIT_RETAIN_SELF = YES;
				CLANG_WARN_OBJC_LITERAL_CONVERSION = YES;
				CLANG_WARN_OBJC_ROOT_CLASS = YES_ERROR;
				CLANG_WARN_QUOTED_INCLUDE_IN_FRAMEWORK_HEADER = YES;
				CLANG_WARN_RANGE_LOOP_ANALYSIS = YES;
				CLANG_WARN_STRICT_PROTOTYPES = YES;
				CLANG_WARN_SUSPICIOUS_MOVE = YES;
				CLANG_WARN_UNGUARDED_AVAILABILITY = YES_AGGRESSIVE;
				CLANG_WARN_UNREACHABLE_CODE = YES;
				CLANG_WARN__DUPLICATE_METHOD_MATCH = YES;
				COPY_PHASE_STRIP = NO;
				DEBUG_INFORMATION_FORMAT = dwarf;
				ENABLE_STRICT_OBJC_MSGSEND = YES;
				ENABLE_TESTABILITY = YES;
				ENABLE_USER_SCRIPT_SANDBOXING = NO;
				GCC_C_LANGUAGE_STANDARD = gnu11;
				GCC_DYNAMIC_NO_PIC = NO;
				GCC_NO_COMMON_BLOCKS = YES;
				GCC_OPTIMIZATION_LEVEL = 0;
				GCC_PREPROCESSOR_DEFINITIONS = (
					"$(inherited)",
					"DEBUG=1",
				);
				GCC_WARN_64_TO_32_BIT_CONVERSION = YES;
				GCC_WARN_ABOUT_RETURN_TYPE = YES_ERROR;
				GCC_WARN_UNDECLARED_SELECTOR = YES;
				GCC_WARN_UNINITIALIZED_AUTOS = YES_AGGRESSIVE;
				GCC_WARN_UNUSED_FUNCTION = YES;
				GCC_WARN_UNUSED_VARIABLE = YES;
				GENERATE_INFOPLIST_FILE = NO;
				MACOSX_DEPLOYMENT_TARGET = 14.0;
				MTL_ENABLE_DEBUG_INFO = INCLUDE_SOURCE;
				MTL_FAST_MATH = YES;
				ONLY_ACTIVE_ARCH = YES;
				PRODUCT_NAME = "$(TARGET_NAME)";
				SDKROOT = macosx;
				SWIFT_ACTIVE_COMPILATION_CONDITIONS = DEBUG;
				SWIFT_OPTIMIZATION_LEVEL = "-Onone";
				SWIFT_STRICT_CONCURRENCY = complete;
				SWIFT_VERSION = 5.9;
			};
			name = Debug;
		};
		6202B549740A569C39BD0B49 /* Debug */ = {
			isa = XCBuildConfiguration;
			buildSettings = {
				ASSETCATALOG_COMPILER_APPICON_NAME = AppIcon;
				CODE_SIGN_ENTITLEMENTS = Alas/Resources/Alas.entitlements;
				CODE_SIGN_IDENTITY = "-";
				CODE_SIGN_STYLE = Automatic;
				COMBINE_HIDPI_IMAGES = YES;
				ENABLE_HARDENED_RUNTIME = YES;
				INFOPLIST_FILE = Alas/Resources/Info.plist;
				LD_RUNPATH_SEARCH_PATHS = (
					"$(inherited)",
					"@executable_path/../Frameworks",
				);
				PRODUCT_BUNDLE_IDENTIFIER = io.nlopez.alas;
				PRODUCT_NAME = Alas;
				SDKROOT = macosx;
			};
			name = Debug;
		};
		8EC85E606981873CBB0FC02A /* Release */ = {
			isa = XCBuildConfiguration;
			buildSettings = {
				BUNDLE_LOADER = "$(TEST_HOST)";
				COMBINE_HIDPI_IMAGES = YES;
				GENERATE_INFOPLIST_FILE = YES;
				LD_RUNPATH_SEARCH_PATHS = (
					"$(inherited)",
					"@executable_path/../Frameworks",
					"@loader_path/../Frameworks",
				);
				PRODUCT_BUNDLE_IDENTIFIER = io.nlopez.alas.tests;
				SDKROOT = macosx;
				TEST_HOST = "$(BUILT_PRODUCTS_DIR)/Alas.app/Contents/MacOS/Alas";
			};
			name = Release;
		};
		A2FE0D1E9BE6C7D51667B232 /* Release */ = {
			isa = XCBuildConfiguration;
			buildSettings = {
				ASSETCATALOG_COMPILER_APPICON_NAME = AppIcon;
				CODE_SIGN_ENTITLEMENTS = Alas/Resources/Alas.entitlements;
				CODE_SIGN_IDENTITY = "-";
				CODE_SIGN_STYLE = Automatic;
				COMBINE_HIDPI_IMAGES = YES;
				ENABLE_HARDENED_RUNTIME = YES;
				INFOPLIST_FILE = Alas/Resources/Info.plist;
				LD_RUNPATH_SEARCH_PATHS = (
					"$(inherited)",
					"@executable_path/../Frameworks",
				);
				PRODUCT_BUNDLE_IDENTIFIER = io.nlopez.alas;
				PRODUCT_NAME = Alas;
				SDKROOT = macosx;
			};
			name = Release;
		};
		A44471E1CAF592F80A45259A /* Debug */ = {
			isa = XCBuildConfiguration;
			buildSettings = {
				BUNDLE_LOADER = "$(TEST_HOST)";
				COMBINE_HIDPI_IMAGES = YES;
				GENERATE_INFOPLIST_FILE = YES;
				LD_RUNPATH_SEARCH_PATHS = (
					"$(inherited)",
					"@executable_path/../Frameworks",
					"@loader_path/../Frameworks",
				);
				PRODUCT_BUNDLE_IDENTIFIER = io.nlopez.alas.tests;
				SDKROOT = macosx;
				TEST_HOST = "$(BUILT_PRODUCTS_DIR)/Alas.app/Contents/MacOS/Alas";
			};
			name = Debug;
		};
/* End XCBuildConfiguration section */

/* Begin XCConfigurationList section */
		4ECEFB1265B7751E394C85A4 /* Build configuration list for PBXNativeTarget "AlasTests" */ = {
			isa = XCConfigurationList;
			buildConfigurations = (
				A44471E1CAF592F80A45259A /* Debug */,
				8EC85E606981873CBB0FC02A /* Release */,
			);
			defaultConfigurationIsVisible = 0;
			defaultConfigurationName = Debug;
		};
		61C628260FC1F517504A8D81 /* Build configuration list for PBXProject "Alas" */ = {
			isa = XCConfigurationList;
			buildConfigurations = (
				47B94FFA5E783CD9D305EDED /* Debug */,
				13FE6C2972F47B24834875E1 /* Release */,
			);
			defaultConfigurationIsVisible = 0;
			defaultConfigurationName = Debug;
		};
		D92629B7CBC438AA40C308D4 /* Build configuration list for PBXNativeTarget "Alas" */ = {
			isa = XCConfigurationList;
			buildConfigurations = (
				6202B549740A569C39BD0B49 /* Debug */,
				A2FE0D1E9BE6C7D51667B232 /* Release */,
			);
			defaultConfigurationIsVisible = 0;
			defaultConfigurationName = Debug;
		};
/* End XCConfigurationList section */
	};
	rootObject = 759006A3C44F0DA5ACF36C55 /* Project object */;
}
