{
  "originHash" : "6fb9739942b6051c722fd660c1a053164f6e84540f5ae38bc851d0c3ec3e208a",
  "pins" : [
    {
      "identity" : "beautiful-mermaid-swift",
      "kind" : "remoteSourceControl",
      "location" : "https://github.com/lukilabs/beautiful-mermaid-swift",
      "state" : {
        "revision" : "6a23a29e91af8f5b3e9fc09945332ca193bd69ec",
        "version" : "1.0.4"
      }
    },
    {
      "identity" : "elk-swift",
      "kind" : "remoteSourceControl",
      "location" : "https://github.com/lukilabs/elk-swift",
      "state" : {
        "revision" : "32f8042e3509a4819f00ff9cd46e829ec2b26da0",
        "version" : "1.0.2"
      }
    },
    {
      "identity" : "swift-cmark",
      "kind" : "remoteSourceControl",
      "location" : "https://github.com/swiftlang/swift-cmark.git",
      "state" : {
        "revision" : "924936d0427cb25a61169739a7660230bffa6ea6",
        "version" : "0.8.0"
      }
    },
    {
      "identity" : "swift-markdown",
      "kind" : "remoteSourceControl",
      "location" : "https://github.com/apple/swift-markdown",
      "state" : {
        "revision" : "3c6f9523da3a1ec2fd829673e472d95b8097a3b8",
        "version" : "0.8.0"
      }
    },
    {
      "identity" : "swift-tree-sitter",
      "kind" : "remoteSourceControl",
      "location" : "https://github.com/tree-sitter/swift-tree-sitter",
      "state" : {
        "revision" : "08ef81eb8620617b55b08868126707ad72bf754f",
        "version" : "0.25.0"
      }
    },
    {
      "identity" : "tree-sitter",
      "kind" : "remoteSourceControl",
      "location" : "https://github.com/tree-sitter/tree-sitter",
      "state" : {
        "revision" : "da6fe9beb4f7f67beb75914ca8e0d48ae48d6406",
        "version" : "0.25.10"
      }
    }
  ],
  "version" : 3
}
